
Microsoft Visual Studio Solution File, Format Version 12.00
# Visual Studio 2012
Project("{FAE04EC0-301F-11D3-BF4B-00C04F79EFBC}") = "Benchmark.Win", "Runner\Benchmark.Win.csproj", "{20F560C8-121F-4631-A54D-1E0361BCDAF7}"
	ProjectSection(ProjectDependencies) = postProject
		{C1A752DD-A716-40E0-AB81-0933EA01802D} = {C1A752DD-A716-40E0-AB81-0933EA01802D}
	EndProjectSection
EndProject
Project("{FAE04EC0-301F-11D3-BF4B-00C04F79EFBC}") = "Benchmark.Core", "Core\Benchmark.Core.csproj", "{C1A752DD-A716-40E0-AB81-0933EA01802D}"
EndProject
Project("{FAE04EC0-301F-11D3-BF4B-00C04F79EFBC}") = "Benchmark.Console", "Console\Benchmark.Console.csproj", "{609A0104-28A6-449A-9516-44B025DE700E}"
EndProject
Global
	GlobalSection(SolutionConfigurationPlatforms) = preSolution
		Debug|Any CPU = Debug|Any CPU
		Release|Any CPU = Release|Any CPU
	EndGlobalSection
	GlobalSection(ProjectConfigurationPlatforms) = postSolution
		{20F560C8-121F-4631-A54D-1E0361BCDAF7}.Debug|Any CPU.ActiveCfg = Debug|Any CPU
		{20F560C8-121F-4631-A54D-1E0361BCDAF7}.Debug|Any CPU.Build.0 = Debug|Any CPU
		{20F560C8-121F-4631-A54D-1E0361BCDAF7}.Release|Any CPU.ActiveCfg = Release|Any CPU
		{20F560C8-121F-4631-A54D-1E0361BCDAF7}.Release|Any CPU.Build.0 = Release|Any CPU
		{C1A752DD-A716-40E0-AB81-0933EA01802D}.Debug|Any CPU.ActiveCfg = Debug|Any CPU
		{C1A752DD-A716-40E0-AB81-0933EA01802D}.Debug|Any CPU.Build.0 = Debug|Any CPU
		{C1A752DD-A716-40E0-AB81-0933EA01802D}.Release|Any CPU.ActiveCfg = Release|Any CPU
		{C1A752DD-A716-40E0-AB81-0933EA01802D}.Release|Any CPU.Build.0 = Release|Any CPU
		{609A0104-28A6-449A-9516-44B025DE700E}.Debug|Any CPU.ActiveCfg = Debug|Any CPU
		{609A0104-28A6-449A-9516-44B025DE700E}.Debug|Any CPU.Build.0 = Debug|Any CPU
		{609A0104-28A6-449A-9516-44B025DE700E}.Release|Any CPU.ActiveCfg = Release|Any CPU
		{609A0104-28A6-449A-9516-44B025DE700E}.Release|Any CPU.Build.0 = Release|Any CPU
	EndGlobalSection
	GlobalSection(SolutionProperties) = preSolution
		HideSolutionNode = FALSE
	EndGlobalSection
EndGlobal
